<?xml version="1.0" encoding="UTF-8" standalone="yes" ?>
<CodeBlocks_project_file>
	<FileVersion major="1" minor="6" />
	<Project>
		<Option title="rGUI" />
		<Option pch_mode="2" />
		<Option default_target="Exp1" />
		<Option compiler="gcc" />
		<Build>
			<Target title="Debug">
				<Option output="bin/Debug/rGUI" prefix_auto="1" extension_auto="1" />
				<Option working_dir="" />
				<Option object_output="obj/Debug/" />
				<Option type="2" />
				<Option compiler="gcc" />
				<Option host_application="bin/examples/exp1" />
				<Option run_host_application_in_terminal="1" />
				<Option createDefFile="1" />
				<Compiler>
					<Add option="-Wall" />
					<Add option="-std=c++14" />
					<Add option="-pg" />
					<Add option="-g" />
					<Add directory="../rGUI" />
					<Add directory="src" />
				</Compiler>
				<Linker>
					<Add option="-pg" />
				</Linker>
			</Target>
			<Target title="Release">
				<Option output="bin/Release/rGUI" prefix_auto="1" extension_auto="1" />
				<Option working_dir="" />
				<Option object_output="obj/Release/" />
				<Option type="2" />
				<Option compiler="gcc" />
				<Option host_application="bin/examples/exp1" />
				<Option run_host_application_in_terminal="1" />
				<Option createDefFile="1" />
				<Compiler>
					<Add option="-O3" />
					<Add option="-std=c++14" />
					<Add directory="../rGUI" />
					<Add directory="src" />
				</Compiler>
			</Target>
			<Target title="Exp1">
				<Option output="bin/examples/exp1" prefix_auto="1" extension_auto="1" />
				<Option working_dir="examples/" />
				<Option object_output="obj/examples/" />
				<Option type="1" />
				<Option compiler="gcc" />
				<Option use_console_runner="0" />
				<Compiler>
					<Add option="-O3" />
					<Add option="-std=c++14" />
					<Add directory="../rGUI" />
					<Add directory="src" />
				</Compiler>
				<Linker>
					<Add option="-s" />
				</Linker>
			</Target>
			<Target title="Exp2">
				<Option output="bin/examples/exp2" prefix_auto="1" extension_auto="1" />
				<Option working_dir="examples/" />
				<Option object_output="obj/examples/" />
				<Option type="1" />
				<Option compiler="gcc" />
				<Option use_console_runner="0" />
				<Compiler>
					<Add option="-O3" />
					<Add option="-std=c++14" />
					<Add directory="../rGUI" />
					<Add directory="src" />
				</Compiler>
				<Linker>
					<Add option="-s" />
				</Linker>
			</Target>
		</Build>
		<Compiler>
			<Add directory="../rGUI" />
			<Add directory="src" />
		</Compiler>
		<Unit filename="examples/exp1.cpp">
			<Option target="Exp1" />
		</Unit>
		<Unit filename="examples/exp2_ScaleOffsetedDsiplay.cpp">
			<Option target="Exp2" />
		</Unit>
		<Unit filename="rGUI.h">
			<Option target="Debug" />
			<Option target="Release" />
		</Unit>
		<Unit filename="src/BigBitmap.cpp">
			<Option target="Debug" />
			<Option target="Release" />
		</Unit>
		<Unit filename="src/BitmapButton.cpp">
			<Option target="Debug" />
			<Option target="Release" />
		</Unit>
		<Unit filename="src/Button.cpp">
			<Option target="Debug" />
			<Option target="Release" />
		</Unit>
		<Unit filename="src/CheckBox.cpp">
			<Option target="Debug" />
			<Option target="Release" />
		</Unit>
		<Unit filename="src/DropBox.cpp">
			<Option target="Debug" />
			<Option target="Release" />
		</Unit>
		<Unit filename="src/DropBoxManager.cpp">
			<Option target="Debug" />
			<Option target="Release" />
		</Unit>
		<Unit filename="src/Group.cpp">
			<Option target="Debug" />
			<Option target="Release" />
		</Unit>
		<Unit filename="src/InputField.cpp">
			<Option target="Debug" />
			<Option target="Release" />
		</Unit>
		<Unit filename="src/ProgressBar.cpp">
			<Option target="Debug" />
			<Option target="Release" />
		</Unit>
		<Unit filename="src/ScrollBar.cpp">
			<Option target="Debug" />
			<Option target="Release" />
		</Unit>
		<Unit filename="src/ScrollableArea.cpp">
			<Option target="Debug" />
			<Option target="Release" />
		</Unit>
		<Unit filename="src/SingleKeyInputField.cpp">
			<Option target="Debug" />
			<Option target="Release" />
		</Unit>
		<Unit filename="src/SlideBar.cpp">
			<Option target="Debug" />
			<Option target="Release" />
		</Unit>
		<Unit filename="src/TextBox.cpp">
			<Option target="Debug" />
			<Option target="Release" />
		</Unit>
		<Unit filename="src/widgetbase.cpp">
			<Option target="Debug" />
			<Option target="Release" />
		</Unit>
		<Extensions>
			<envvars />
			<code_completion />
			<lib_finder disable_auto="1" />
			<debugger />
		</Extensions>
	</Project>
</CodeBlocks_project_file>
